
Microsoft Visual Studio Solution File, Format Version 12.00
# Visual Studio Version 16
VisualStudioVersion = 16.0.31410.357
MinimumVisualStudioVersion = 10.0.40219.1
Project("{FAE04EC0-301F-11D3-BF4B-00C04F79EFBC}") = "Lab_1_1", "Lab_1_1\Lab_1_1.csproj", "{8A6B4D85-16B0-444D-8B9C-C9CBAA7B3C0F}"
EndProject
Global
	GlobalSection(SolutionConfigurationPlatforms) = preSolution
		Debug|Any CPU = Debug|Any CPU
		Release|Any CPU = Release|Any CPU
	EndGlobalSection
	GlobalSection(ProjectConfigurationPlatforms) = postSolution
		{8A6B4D85-16B0-444D-8B9C-C9CBAA7B3C0F}.Debug|Any CPU.ActiveCfg = Debug|Any CPU
		{8A6B4D85-16B0-444D-8B9C-C9CBAA7B3C0F}.Debug|Any CPU.Build.0 = Debug|Any CPU
		{8A6B4D85-16B0-444D-8B9C-C9CBAA7B3C0F}.Release|Any CPU.ActiveCfg = Release|Any CPU
		{8A6B4D85-16B0-444D-8B9C-C9CBAA7B3C0F}.Release|Any CPU.Build.0 = Release|Any CPU
	EndGlobalSection
	GlobalSection(SolutionProperties) = preSolution
		HideSolutionNode = FALSE
	EndGlobalSection
	GlobalSection(ExtensibilityGlobals) = postSolution
		SolutionGuid = {72F341BB-67F9-45FE-8CB4-FD87A853C7A6}
	EndGlobalSection
EndGlobal
