
Microsoft Visual Studio Solution File, Format Version 12.00
# Visual Studio Version 16
VisualStudioVersion = 16.0.31410.357
MinimumVisualStudioVersion = 10.0.40219.1
Project("{9A19103F-16F7-4668-BE54-9A1E7A4F7556}") = "Lab_1_1", "Lab_1_1\Lab_1_1.csproj", "{8A6B4D85-16B0-444D-8B9C-C9CBAA7B3C0F}"
EndProject
Project("{FAE04EC0-301F-11D3-BF4B-00C04F79EFBC}") = "Lab_1_2", "Lab_1_2\Lab_1_2.csproj", "{5BF3A457-255A-4F44-A6BF-BFC0CABE4575}"
EndProject
Project("{FAE04EC0-301F-11D3-BF4B-00C04F79EFBC}") = "Lab_1_3", "Lab_1_3\Lab_1_3.csproj", "{B51F9006-2E6A-4C84-9A53-8AA3CDEB5F59}"
EndProject
Global
	GlobalSection(SolutionConfigurationPlatforms) = preSolution
		Debug|Any CPU = Debug|Any CPU
		Release|Any CPU = Release|Any CPU
	EndGlobalSection
	GlobalSection(ProjectConfigurationPlatforms) = postSolution
		{8A6B4D85-16B0-444D-8B9C-C9CBAA7B3C0F}.Debug|Any CPU.ActiveCfg = Debug|Any CPU
		{8A6B4D85-16B0-444D-8B9C-C9CBAA7B3C0F}.Debug|Any CPU.Build.0 = Debug|Any CPU
		{8A6B4D85-16B0-444D-8B9C-C9CBAA7B3C0F}.Release|Any CPU.ActiveCfg = Release|Any CPU
		{8A6B4D85-16B0-444D-8B9C-C9CBAA7B3C0F}.Release|Any CPU.Build.0 = Release|Any CPU
		{5BF3A457-255A-4F44-A6BF-BFC0CABE4575}.Debug|Any CPU.ActiveCfg = Debug|Any CPU
		{5BF3A457-255A-4F44-A6BF-BFC0CABE4575}.Debug|Any CPU.Build.0 = Debug|Any CPU
		{5BF3A457-255A-4F44-A6BF-BFC0CABE4575}.Release|Any CPU.ActiveCfg = Release|Any CPU
		{5BF3A457-255A-4F44-A6BF-BFC0CABE4575}.Release|Any CPU.Build.0 = Release|Any CPU
		{B51F9006-2E6A-4C84-9A53-8AA3CDEB5F59}.Debug|Any CPU.ActiveCfg = Debug|Any CPU
		{B51F9006-2E6A-4C84-9A53-8AA3CDEB5F59}.Debug|Any CPU.Build.0 = Debug|Any CPU
		{B51F9006-2E6A-4C84-9A53-8AA3CDEB5F59}.Release|Any CPU.ActiveCfg = Release|Any CPU
		{B51F9006-2E6A-4C84-9A53-8AA3CDEB5F59}.Release|Any CPU.Build.0 = Release|Any CPU
	EndGlobalSection
	GlobalSection(SolutionProperties) = preSolution
		HideSolutionNode = FALSE
	EndGlobalSection
	GlobalSection(ExtensibilityGlobals) = postSolution
		SolutionGuid = {72F341BB-67F9-45FE-8CB4-FD87A853C7A6}
	EndGlobalSection
EndGlobal
